
Microsoft Visual Studio Solution File, Format Version 12.00
# Visual Studio Version 16
VisualStudioVersion = 16.0.31205.134
MinimumVisualStudioVersion = 10.0.40219.1
Project("{9A19103F-16F7-4668-BE54-9A1E7A4F7556}") = "pggrammar.test", "pggrammar.test\pggrammar.test.csproj", "{DD2C20CF-4D66-4811-9F4C-CE9BC0AB4C67}"
EndProject
Project("{FAE04EC0-301F-11D3-BF4B-00C04F79EFBC}") = "pggrammar.sandbox", "pggrammar.sandbox\pggrammar.sandbox.csproj", "{271A8CD9-9521-4E66-9F91-8FF46A096EF9}"
EndProject
Global
	GlobalSection(SolutionConfigurationPlatforms) = preSolution
		Debug|Any CPU = Debug|Any CPU
		Release|Any CPU = Release|Any CPU
	EndGlobalSection
	GlobalSection(ProjectConfigurationPlatforms) = postSolution
		{DD2C20CF-4D66-4811-9F4C-CE9BC0AB4C67}.Debug|Any CPU.ActiveCfg = Debug|Any CPU
		{DD2C20CF-4D66-4811-9F4C-CE9BC0AB4C67}.Debug|Any CPU.Build.0 = Debug|Any CPU
		{DD2C20CF-4D66-4811-9F4C-CE9BC0AB4C67}.Release|Any CPU.ActiveCfg = Release|Any CPU
		{DD2C20CF-4D66-4811-9F4C-CE9BC0AB4C67}.Release|Any CPU.Build.0 = Release|Any CPU
		{271A8CD9-9521-4E66-9F91-8FF46A096EF9}.Debug|Any CPU.ActiveCfg = Debug|Any CPU
		{271A8CD9-9521-4E66-9F91-8FF46A096EF9}.Debug|Any CPU.Build.0 = Debug|Any CPU
		{271A8CD9-9521-4E66-9F91-8FF46A096EF9}.Release|Any CPU.ActiveCfg = Release|Any CPU
		{271A8CD9-9521-4E66-9F91-8FF46A096EF9}.Release|Any CPU.Build.0 = Release|Any CPU
	EndGlobalSection
	GlobalSection(SolutionProperties) = preSolution
		HideSolutionNode = FALSE
	EndGlobalSection
	GlobalSection(ExtensibilityGlobals) = postSolution
		SolutionGuid = {CFB2603A-1652-4DC6-B4A2-D88EDEFF216E}
	EndGlobalSection
EndGlobal
